
Microsoft Visual Studio Solution File, Format Version 12.00
Project("{FAE04EC0-301F-11D3-BF4B-00C04F79EFBC}") = "ToDoList", "ToDoList.csproj", "{5360E82D-9955-4154-94C0-A6BF845FBFCA}"
EndProject
Global
	GlobalSection(SolutionConfigurationPlatforms) = preSolution
		Debug|Any CPU = Debug|Any CPU
		Release|Any CPU = Release|Any CPU
	EndGlobalSection
	GlobalSection(ProjectConfigurationPlatforms) = postSolution
		{5360E82D-9955-4154-94C0-A6BF845FBFCA}.Debug|Any CPU.ActiveCfg = Debug|Any CPU
		{5360E82D-9955-4154-94C0-A6BF845FBFCA}.Debug|Any CPU.Build.0 = Debug|Any CPU
		{5360E82D-9955-4154-94C0-A6BF845FBFCA}.Release|Any CPU.ActiveCfg = Release|Any CPU
		{5360E82D-9955-4154-94C0-A6BF845FBFCA}.Release|Any CPU.Build.0 = Release|Any CPU
	EndGlobalSection
EndGlobal
